
Microsoft Visual Studio Solution File, Format Version 12.00
# Visual Studio 15
VisualStudioVersion = 15.0.28010.2050
MinimumVisualStudioVersion = 10.0.40219.1
Project("{FAE04EC0-301F-11D3-BF4B-00C04F79EFBC}") = "EssaisAccesDonneesConsole", "EssaisAccesDonneesConsole\EssaisAccesDonneesConsole.csproj", "{8136EB4C-75CA-4ED2-9744-9B581EE52CD2}"
EndProject
Project("{FAE04EC0-301F-11D3-BF4B-00C04F79EFBC}") = "BLL", "BLL\BLL.csproj", "{B58DBEB8-519C-457B-8968-AA90FB609F6F}"
EndProject
Project("{FAE04EC0-301F-11D3-BF4B-00C04F79EFBC}") = "DAL", "DAL\DAL.csproj", "{2A63EE87-5EEF-4213-AED2-8AC20AB05A7F}"
EndProject
Project("{FAE04EC0-301F-11D3-BF4B-00C04F79EFBC}") = "IHM", "IHM\IHM.csproj", "{A876007B-6EBC-478F-B787-C878E5D9990D}"
EndProject
Project("{FAE04EC0-301F-11D3-BF4B-00C04F79EFBC}") = "BO", "BO\BO.csproj", "{86D29A70-4E9D-4EC5-8738-49179AFE5C63}"
EndProject
Global
	GlobalSection(SolutionConfigurationPlatforms) = preSolution
		Debug|Any CPU = Debug|Any CPU
		Release|Any CPU = Release|Any CPU
	EndGlobalSection
	GlobalSection(ProjectConfigurationPlatforms) = postSolution
		{8136EB4C-75CA-4ED2-9744-9B581EE52CD2}.Debug|Any CPU.ActiveCfg = Debug|Any CPU
		{8136EB4C-75CA-4ED2-9744-9B581EE52CD2}.Debug|Any CPU.Build.0 = Debug|Any CPU
		{8136EB4C-75CA-4ED2-9744-9B581EE52CD2}.Release|Any CPU.ActiveCfg = Release|Any CPU
		{8136EB4C-75CA-4ED2-9744-9B581EE52CD2}.Release|Any CPU.Build.0 = Release|Any CPU
		{B58DBEB8-519C-457B-8968-AA90FB609F6F}.Debug|Any CPU.ActiveCfg = Debug|Any CPU
		{B58DBEB8-519C-457B-8968-AA90FB609F6F}.Debug|Any CPU.Build.0 = Debug|Any CPU
		{B58DBEB8-519C-457B-8968-AA90FB609F6F}.Release|Any CPU.ActiveCfg = Release|Any CPU
		{B58DBEB8-519C-457B-8968-AA90FB609F6F}.Release|Any CPU.Build.0 = Release|Any CPU
		{2A63EE87-5EEF-4213-AED2-8AC20AB05A7F}.Debug|Any CPU.ActiveCfg = Debug|Any CPU
		{2A63EE87-5EEF-4213-AED2-8AC20AB05A7F}.Debug|Any CPU.Build.0 = Debug|Any CPU
		{2A63EE87-5EEF-4213-AED2-8AC20AB05A7F}.Release|Any CPU.ActiveCfg = Release|Any CPU
		{2A63EE87-5EEF-4213-AED2-8AC20AB05A7F}.Release|Any CPU.Build.0 = Release|Any CPU
		{A876007B-6EBC-478F-B787-C878E5D9990D}.Debug|Any CPU.ActiveCfg = Debug|Any CPU
		{A876007B-6EBC-478F-B787-C878E5D9990D}.Debug|Any CPU.Build.0 = Debug|Any CPU
		{A876007B-6EBC-478F-B787-C878E5D9990D}.Release|Any CPU.ActiveCfg = Release|Any CPU
		{A876007B-6EBC-478F-B787-C878E5D9990D}.Release|Any CPU.Build.0 = Release|Any CPU
		{86D29A70-4E9D-4EC5-8738-49179AFE5C63}.Debug|Any CPU.ActiveCfg = Debug|Any CPU
		{86D29A70-4E9D-4EC5-8738-49179AFE5C63}.Debug|Any CPU.Build.0 = Debug|Any CPU
		{86D29A70-4E9D-4EC5-8738-49179AFE5C63}.Release|Any CPU.ActiveCfg = Release|Any CPU
		{86D29A70-4E9D-4EC5-8738-49179AFE5C63}.Release|Any CPU.Build.0 = Release|Any CPU
	EndGlobalSection
	GlobalSection(SolutionProperties) = preSolution
		HideSolutionNode = FALSE
	EndGlobalSection
	GlobalSection(ExtensibilityGlobals) = postSolution
		SolutionGuid = {3556D39A-001A-4C04-A413-C16AB7573FB2}
	EndGlobalSection
EndGlobal
